// !$*UTF8*$!
{
	archiveVersion = 1;
	classes = {
	};
	objectVersion = 50;
	objects = {

/* Begin PBXBuildFile section */
		6997F7412133DE7300FA32E1 /* OnboardingViewController.swift in Sources */ = {isa = PBXBuildFile; fileRef = 6997F7402133DE7300FA32E1 /* OnboardingViewController.swift */; };
		6B09711D212BF4F800CD9878 /* LoginAccountViewController.swift in Sources */ = {isa = PBXBuildFile; fileRef = 6B09711C212BF4F800CD9878 /* LoginAccountViewController.swift */; };
		6B2B888421352F97000C90D4 /* UntukProfile.swift in Sources */ = {isa = PBXBuildFile; fileRef = 6B2B888321352F97000C90D4 /* UntukProfile.swift */; };
		6B2B8886213530FE000C90D4 /* ImageService.swift in Sources */ = {isa = PBXBuildFile; fileRef = 6B2B8885213530FE000C90D4 /* ImageService.swift */; };
		6B2D62C8213003EA0032EC74 /* ProfileViewController.swift in Sources */ = {isa = PBXBuildFile; fileRef = 6B2D62C7213003EA0032EC74 /* ProfileViewController.swift */; };
		6B4713582133D0D000E86519 /* ProfileAccountViewController.swift in Sources */ = {isa = PBXBuildFile; fileRef = 6B4713572133D0D000E86519 /* ProfileAccountViewController.swift */; };
		6B47135D2134D41D00E86519 /* UserService.swift in Sources */ = {isa = PBXBuildFile; fileRef = 6B47135C2134D41D00E86519 /* UserService.swift */; };
		6B47135F2134D4FD00E86519 /* UserProfile.swift in Sources */ = {isa = PBXBuildFile; fileRef = 6B47135E2134D4FD00E86519 /* UserProfile.swift */; };
		6B663521212C000E001137AD /* ForLoginViewController.swift in Sources */ = {isa = PBXBuildFile; fileRef = 6B663520212C000E001137AD /* ForLoginViewController.swift */; };
		6B689571212EBE4F0096CC8B /* GoogleService-Info.plist in Resources */ = {isa = PBXBuildFile; fileRef = 6B689570212EBE4F0096CC8B /* GoogleService-Info.plist */; };
		6B9858A4212EA7B80081E017 /* HomeViewController.swift in Sources */ = {isa = PBXBuildFile; fileRef = 6B9858A1212EA7B80081E017 /* HomeViewController.swift */; };
		6BCB77B22170B06200970DA0 /* QuickTips.storyboard in Resources */ = {isa = PBXBuildFile; fileRef = 6BCB77B12170B06200970DA0 /* QuickTips.storyboard */; };
		6BE40B6A21368D6000F978A7 /* TestSimpenDataViewController.swift in Sources */ = {isa = PBXBuildFile; fileRef = 6BE40B6921368D6000F978A7 /* TestSimpenDataViewController.swift */; };
		6BE40B6C213696AE00F978A7 /* Gamification.swift in Sources */ = {isa = PBXBuildFile; fileRef = 6BE40B6B213696AE00F978A7 /* Gamification.swift */; };
		760FD2F7775061EB8091E2DB /* Pods_Videa.framework in Frameworks */ = {isa = PBXBuildFile; fileRef = 3BFEB76E52A41DF9AB347DFC /* Pods_Videa.framework */; };
		77E523FE2122D8C000EE54FD /* AppDelegate.swift in Sources */ = {isa = PBXBuildFile; fileRef = 77E523FD2122D8C000EE54FD /* AppDelegate.swift */; };
		77E524052122D8C000EE54FD /* Main.storyboard in Resources */ = {isa = PBXBuildFile; fileRef = 77E524032122D8C000EE54FD /* Main.storyboard */; };
		77E524072122D8C100EE54FD /* Assets.xcassets in Resources */ = {isa = PBXBuildFile; fileRef = 77E524062122D8C100EE54FD /* Assets.xcassets */; };
		77E5240A2122D8C100EE54FD /* LaunchScreen.storyboard in Resources */ = {isa = PBXBuildFile; fileRef = 77E524082122D8C100EE54FD /* LaunchScreen.storyboard */; };
		7B154F4A2136513A00C12C8C /* videa splashscreen.gif in Resources */ = {isa = PBXBuildFile; fileRef = 7B154F492136513A00C12C8C /* videa splashscreen.gif */; };
		7B154F4C2136538B00C12C8C /* animationVidea.gif in Resources */ = {isa = PBXBuildFile; fileRef = 7B154F4B2136538A00C12C8C /* animationVidea.gif */; };
		7B34DB682133ED360007C2B1 /* UIImage+Gif.swift in Sources */ = {isa = PBXBuildFile; fileRef = 7B34DB672133ED360007C2B1 /* UIImage+Gif.swift */; };
		7B99736B213568BB00DE40A5 /* SplashScreen.gif in Resources */ = {isa = PBXBuildFile; fileRef = 7B99736A213568B800DE40A5 /* SplashScreen.gif */; };
		B02235C92136972F00042526 /* achievementCell.swift in Sources */ = {isa = PBXBuildFile; fileRef = B02235C82136972F00042526 /* achievementCell.swift */; };
		B0E2B5DD213408A800B6860F /* LaunchScreenViewController.swift in Sources */ = {isa = PBXBuildFile; fileRef = B0E2B5DC213408A800B6860F /* LaunchScreenViewController.swift */; };
		ED11621E21622BC900CEF6D5 /* HomeBackup.storyboard in Resources */ = {isa = PBXBuildFile; fileRef = ED11621D21622BC900CEF6D5 /* HomeBackup.storyboard */; };
		ED116245216353D700CEF6D5 /* ChallengeListTableViewCell.swift in Sources */ = {isa = PBXBuildFile; fileRef = ED116244216353D700CEF6D5 /* ChallengeListTableViewCell.swift */; };
		ED1162472163548100CEF6D5 /* ChallengeList.swift in Sources */ = {isa = PBXBuildFile; fileRef = ED1162462163548100CEF6D5 /* ChallengeList.swift */; };
		ED1162492163580300CEF6D5 /* Challenge.swift in Sources */ = {isa = PBXBuildFile; fileRef = ED1162482163580300CEF6D5 /* Challenge.swift */; };
		ED11624B21635C0A00CEF6D5 /* ChallengeCollectionViewCell.swift in Sources */ = {isa = PBXBuildFile; fileRef = ED11624A21635C0A00CEF6D5 /* ChallengeCollectionViewCell.swift */; };
		ED1162502163629D00CEF6D5 /* HomeViewControllerBackup.strings in Resources */ = {isa = PBXBuildFile; fileRef = ED11624F2163629D00CEF6D5 /* HomeViewControllerBackup.strings */; };
		ED116252216363E700CEF6D5 /* ChallengeViewController.swift in Sources */ = {isa = PBXBuildFile; fileRef = ED116251216363E700CEF6D5 /* ChallengeViewController.swift */; };
		ED1162542164B90500CEF6D5 /* DetailTableViewController.swift in Sources */ = {isa = PBXBuildFile; fileRef = ED1162532164B90500CEF6D5 /* DetailTableViewController.swift */; };
		ED364DDA2135A3A400460C5D /* Task.swift in Sources */ = {isa = PBXBuildFile; fileRef = ED364DD92135A3A400460C5D /* Task.swift */; };
		ED364DDC2135A45100460C5D /* TaskTableViewCell.swift in Sources */ = {isa = PBXBuildFile; fileRef = ED364DDB2135A45100460C5D /* TaskTableViewCell.swift */; };
		ED364DDE2136459100460C5D /* TodoViewController.swift in Sources */ = {isa = PBXBuildFile; fileRef = ED364DDD2136459100460C5D /* TodoViewController.swift */; };
		ED364DE021364F1100460C5D /* TodoTableViewCell.swift in Sources */ = {isa = PBXBuildFile; fileRef = ED364DDF21364F1100460C5D /* TodoTableViewCell.swift */; };
		ED364DE22136774F00460C5D /* VideoDetail.swift in Sources */ = {isa = PBXBuildFile; fileRef = ED364DE12136774F00460C5D /* VideoDetail.swift */; };
		ED364DE42136C43600460C5D /* AllStructs.swift in Sources */ = {isa = PBXBuildFile; fileRef = ED364DE32136C43600460C5D /* AllStructs.swift */; };
		ED364DE52136E54E00460C5D /* SettingPageTableViewController.swift in Sources */ = {isa = PBXBuildFile; fileRef = 7B99736421354A2800DE40A5 /* SettingPageTableViewController.swift */; };
		ED364DE821522E7D00460C5D /* Statistics.storyboard in Resources */ = {isa = PBXBuildFile; fileRef = ED364DE721522E7D00460C5D /* Statistics.storyboard */; };
		ED364DEA2152310500460C5D /* Profile.storyboard in Resources */ = {isa = PBXBuildFile; fileRef = ED364DE92152310500460C5D /* Profile.storyboard */; };
		ED364DEC2152323100460C5D /* Home.storyboard in Resources */ = {isa = PBXBuildFile; fileRef = ED364DEB2152323100460C5D /* Home.storyboard */; };
		ED3AE6B2216B408800A96013 /* MyChallengeTableViewCell.swift in Sources */ = {isa = PBXBuildFile; fileRef = ED3AE6B1216B408800A96013 /* MyChallengeTableViewCell.swift */; };
		ED3AE6B4216B490200A96013 /* MyChallenge.swift in Sources */ = {isa = PBXBuildFile; fileRef = ED3AE6B3216B490200A96013 /* MyChallenge.swift */; };
		ED3AE6B6216DB68800A96013 /* TaskViewController.swift in Sources */ = {isa = PBXBuildFile; fileRef = ED3AE6B5216DB68800A96013 /* TaskViewController.swift */; };
		ED5661232171F08300EFAF43 /* MyVideoViewController.swift in Sources */ = {isa = PBXBuildFile; fileRef = ED5661222171F08300EFAF43 /* MyVideoViewController.swift */; };
		ED5661262171F10A00EFAF43 /* MyVideo.swift in Sources */ = {isa = PBXBuildFile; fileRef = ED5661252171F10A00EFAF43 /* MyVideo.swift */; };
		ED5661282171F12300EFAF43 /* MyVideoTableViewCell.swift in Sources */ = {isa = PBXBuildFile; fileRef = ED5661272171F12300EFAF43 /* MyVideoTableViewCell.swift */; };
		ED56612A2171FF8F00EFAF43 /* GIDSignedInUser.swift in Sources */ = {isa = PBXBuildFile; fileRef = ED5661292171FF8F00EFAF43 /* GIDSignedInUser.swift */; };
		ED56612C2172070400EFAF43 /* PlaylistDetail.swift in Sources */ = {isa = PBXBuildFile; fileRef = ED56612B2172070400EFAF43 /* PlaylistDetail.swift */; };
		ED56612E2173536000EFAF43 /* SearchDetail.swift in Sources */ = {isa = PBXBuildFile; fileRef = ED56612D2173536000EFAF43 /* SearchDetail.swift */; };
		ED5661302173B41200EFAF43 /* Analytics.swift in Sources */ = {isa = PBXBuildFile; fileRef = ED56612F2173B41200EFAF43 /* Analytics.swift */; };
		ED81BF52216F410D003ABB42 /* MainBackup.storyboard in Resources */ = {isa = PBXBuildFile; fileRef = ED81BF51216F410D003ABB42 /* MainBackup.storyboard */; };
		ED81BF57216F463D003ABB42 /* GIDSignInViewController.swift in Sources */ = {isa = PBXBuildFile; fileRef = ED81BF56216F463D003ABB42 /* GIDSignInViewController.swift */; };
		ED909054212EC07700E11589 /* StatisticsViewController.swift in Sources */ = {isa = PBXBuildFile; fileRef = ED90904B212E9BFA00E11589 /* StatisticsViewController.swift */; };
		ED909055212EC0BE00E11589 /* ChannelDetail.swift in Sources */ = {isa = PBXBuildFile; fileRef = ED90904D212EA3FE00E11589 /* ChannelDetail.swift */; };
		ED909056212EC0D400E11589 /* StatisticsDataViewController.swift in Sources */ = {isa = PBXBuildFile; fileRef = ED909050212EA6E000E11589 /* StatisticsDataViewController.swift */; };
		ED909058212FF66F00E11589 /* StatisticsDataTableViewCell.swift in Sources */ = {isa = PBXBuildFile; fileRef = ED909057212FF66F00E11589 /* StatisticsDataTableViewCell.swift */; };
		ED90905A212FFEE300E11589 /* StatisticsData.swift in Sources */ = {isa = PBXBuildFile; fileRef = ED909059212FFEE300E11589 /* StatisticsData.swift */; };
		ED90906221351BF300E11589 /* TabBarViewController.swift in Sources */ = {isa = PBXBuildFile; fileRef = ED90906121351BF300E11589 /* TabBarViewController.swift */; };
		ED90906621352B7000E11589 /* LevelViewController.swift in Sources */ = {isa = PBXBuildFile; fileRef = ED90906521352B7000E11589 /* LevelViewController.swift */; };
		ED90906821353A0500E11589 /* LevelUpAlertViewController.swift in Sources */ = {isa = PBXBuildFile; fileRef = ED90906721353A0500E11589 /* LevelUpAlertViewController.swift */; };
/* End PBXBuildFile section */

/* Begin PBXFileReference section */
		3BFEB76E52A41DF9AB347DFC /* Pods_Videa.framework */ = {isa = PBXFileReference; explicitFileType = wrapper.framework; includeInIndex = 0; path = Pods_Videa.framework; sourceTree = BUILT_PRODUCTS_DIR; };
		6997F7402133DE7300FA32E1 /* OnboardingViewController.swift */ = {isa = PBXFileReference; lastKnownFileType = sourcecode.swift; path = OnboardingViewController.swift; sourceTree = "<group>"; };
		6B09711C212BF4F800CD9878 /* LoginAccountViewController.swift */ = {isa = PBXFileReference; lastKnownFileType = sourcecode.swift; path = LoginAccountViewController.swift; sourceTree = "<group>"; };
		6B2B888321352F97000C90D4 /* UntukProfile.swift */ = {isa = PBXFileReference; lastKnownFileType = sourcecode.swift; path = UntukProfile.swift; sourceTree = "<group>"; };
		6B2B8885213530FE000C90D4 /* ImageService.swift */ = {isa = PBXFileReference; lastKnownFileType = sourcecode.swift; path = ImageService.swift; sourceTree = "<group>"; };
		6B2D62C7213003EA0032EC74 /* ProfileViewController.swift */ = {isa = PBXFileReference; lastKnownFileType = sourcecode.swift; path = ProfileViewController.swift; sourceTree = "<group>"; };
		6B4713572133D0D000E86519 /* ProfileAccountViewController.swift */ = {isa = PBXFileReference; lastKnownFileType = sourcecode.swift; path = ProfileAccountViewController.swift; sourceTree = "<group>"; };
		6B47135C2134D41D00E86519 /* UserService.swift */ = {isa = PBXFileReference; lastKnownFileType = sourcecode.swift; path = UserService.swift; sourceTree = "<group>"; };
		6B47135E2134D4FD00E86519 /* UserProfile.swift */ = {isa = PBXFileReference; lastKnownFileType = sourcecode.swift; path = UserProfile.swift; sourceTree = "<group>"; };
		6B663520212C000E001137AD /* ForLoginViewController.swift */ = {isa = PBXFileReference; lastKnownFileType = sourcecode.swift; path = ForLoginViewController.swift; sourceTree = "<group>"; };
		6B689570212EBE4F0096CC8B /* GoogleService-Info.plist */ = {isa = PBXFileReference; fileEncoding = 4; lastKnownFileType = text.plist.xml; path = "GoogleService-Info.plist"; sourceTree = "<group>"; };
		6B9858A1212EA7B80081E017 /* HomeViewController.swift */ = {isa = PBXFileReference; fileEncoding = 4; lastKnownFileType = sourcecode.swift; path = HomeViewController.swift; sourceTree = "<group>"; };
		6BCB77B12170B06200970DA0 /* QuickTips.storyboard */ = {isa = PBXFileReference; lastKnownFileType = file.storyboard; path = QuickTips.storyboard; sourceTree = "<group>"; };
		6BE40B6921368D6000F978A7 /* TestSimpenDataViewController.swift */ = {isa = PBXFileReference; lastKnownFileType = sourcecode.swift; path = TestSimpenDataViewController.swift; sourceTree = "<group>"; };
		6BE40B6B213696AE00F978A7 /* Gamification.swift */ = {isa = PBXFileReference; lastKnownFileType = sourcecode.swift; path = Gamification.swift; sourceTree = "<group>"; };
		77E523FA2122D8C000EE54FD /* Videa.app */ = {isa = PBXFileReference; explicitFileType = wrapper.application; includeInIndex = 0; path = Videa.app; sourceTree = BUILT_PRODUCTS_DIR; };
		77E523FD2122D8C000EE54FD /* AppDelegate.swift */ = {isa = PBXFileReference; lastKnownFileType = sourcecode.swift; path = AppDelegate.swift; sourceTree = "<group>"; };
		77E524042122D8C000EE54FD /* Base */ = {isa = PBXFileReference; lastKnownFileType = file.storyboard; name = Base; path = Base.lproj/Main.storyboard; sourceTree = "<group>"; };
		77E524062122D8C100EE54FD /* Assets.xcassets */ = {isa = PBXFileReference; lastKnownFileType = folder.assetcatalog; path = Assets.xcassets; sourceTree = "<group>"; };
		77E524092122D8C100EE54FD /* Base */ = {isa = PBXFileReference; lastKnownFileType = file.storyboard; name = Base; path = Base.lproj/LaunchScreen.storyboard; sourceTree = "<group>"; };
		77E5240B2122D8C100EE54FD /* Info.plist */ = {isa = PBXFileReference; lastKnownFileType = text.plist.xml; path = Info.plist; sourceTree = "<group>"; };
		7B154F492136513A00C12C8C /* videa splashscreen.gif */ = {isa = PBXFileReference; lastKnownFileType = image.gif; path = "videa splashscreen.gif"; sourceTree = "<group>"; };
		7B154F4B2136538A00C12C8C /* animationVidea.gif */ = {isa = PBXFileReference; lastKnownFileType = image.gif; path = animationVidea.gif; sourceTree = "<group>"; };
		7B34DB652133EC310007C2B1 /* LaunchScreenViewController.swift */ = {isa = PBXFileReference; lastKnownFileType = sourcecode.swift; path = LaunchScreenViewController.swift; sourceTree = "<group>"; };
		7B34DB672133ED360007C2B1 /* UIImage+Gif.swift */ = {isa = PBXFileReference; fileEncoding = 4; lastKnownFileType = sourcecode.swift; path = "UIImage+Gif.swift"; sourceTree = "<group>"; };
		7B99736421354A2800DE40A5 /* SettingPageTableViewController.swift */ = {isa = PBXFileReference; lastKnownFileType = sourcecode.swift; path = SettingPageTableViewController.swift; sourceTree = "<group>"; };
		7B99736A213568B800DE40A5 /* SplashScreen.gif */ = {isa = PBXFileReference; lastKnownFileType = image.gif; path = SplashScreen.gif; sourceTree = "<group>"; };
		B02235C82136972F00042526 /* achievementCell.swift */ = {isa = PBXFileReference; lastKnownFileType = sourcecode.swift; path = achievementCell.swift; sourceTree = "<group>"; };
		B0E2B5DC213408A800B6860F /* LaunchScreenViewController.swift */ = {isa = PBXFileReference; fileEncoding = 4; lastKnownFileType = sourcecode.swift; path = LaunchScreenViewController.swift; sourceTree = "<group>"; };
		B0E2B60A21354E3B00B6860F /* tab bar red bawah.png */ = {isa = PBXFileReference; lastKnownFileType = image.png; path = "tab bar red bawah.png"; sourceTree = "<group>"; };
		D5A344EF856C85A0C716FFB6 /* Pods-Videa.release.xcconfig */ = {isa = PBXFileReference; includeInIndex = 1; lastKnownFileType = text.xcconfig; name = "Pods-Videa.release.xcconfig"; path = "Pods/Target Support Files/Pods-Videa/Pods-Videa.release.xcconfig"; sourceTree = "<group>"; };
		DFCE25A618B497E284265DC2 /* Pods-Videa.debug.xcconfig */ = {isa = PBXFileReference; includeInIndex = 1; lastKnownFileType = text.xcconfig; name = "Pods-Videa.debug.xcconfig"; path = "Pods/Target Support Files/Pods-Videa/Pods-Videa.debug.xcconfig"; sourceTree = "<group>"; };
		ED11621D21622BC900CEF6D5 /* HomeBackup.storyboard */ = {isa = PBXFileReference; lastKnownFileType = file.storyboard; path = HomeBackup.storyboard; sourceTree = "<group>"; };
		ED116244216353D700CEF6D5 /* ChallengeListTableViewCell.swift */ = {isa = PBXFileReference; lastKnownFileType = sourcecode.swift; path = ChallengeListTableViewCell.swift; sourceTree = "<group>"; };
		ED1162462163548100CEF6D5 /* ChallengeList.swift */ = {isa = PBXFileReference; lastKnownFileType = sourcecode.swift; path = ChallengeList.swift; sourceTree = "<group>"; };
		ED1162482163580300CEF6D5 /* Challenge.swift */ = {isa = PBXFileReference; lastKnownFileType = sourcecode.swift; path = Challenge.swift; sourceTree = "<group>"; };
		ED11624A21635C0A00CEF6D5 /* ChallengeCollectionViewCell.swift */ = {isa = PBXFileReference; lastKnownFileType = sourcecode.swift; path = ChallengeCollectionViewCell.swift; sourceTree = "<group>"; };
		ED11624F2163629D00CEF6D5 /* HomeViewControllerBackup.strings */ = {isa = PBXFileReference; lastKnownFileType = text.plist.strings; path = HomeViewControllerBackup.strings; sourceTree = "<group>"; };
		ED116251216363E700CEF6D5 /* ChallengeViewController.swift */ = {isa = PBXFileReference; lastKnownFileType = sourcecode.swift; path = ChallengeViewController.swift; sourceTree = "<group>"; };
		ED1162532164B90500CEF6D5 /* DetailTableViewController.swift */ = {isa = PBXFileReference; lastKnownFileType = sourcecode.swift; path = DetailTableViewController.swift; sourceTree = "<group>"; };
		ED364DD92135A3A400460C5D /* Task.swift */ = {isa = PBXFileReference; lastKnownFileType = sourcecode.swift; path = Task.swift; sourceTree = "<group>"; };
		ED364DDB2135A45100460C5D /* TaskTableViewCell.swift */ = {isa = PBXFileReference; lastKnownFileType = sourcecode.swift; path = TaskTableViewCell.swift; sourceTree = "<group>"; };
		ED364DDD2136459100460C5D /* TodoViewController.swift */ = {isa = PBXFileReference; lastKnownFileType = sourcecode.swift; path = TodoViewController.swift; sourceTree = "<group>"; };
		ED364DDF21364F1100460C5D /* TodoTableViewCell.swift */ = {isa = PBXFileReference; lastKnownFileType = sourcecode.swift; path = TodoTableViewCell.swift; sourceTree = "<group>"; };
		ED364DE12136774F00460C5D /* VideoDetail.swift */ = {isa = PBXFileReference; fileEncoding = 4; lastKnownFileType = sourcecode.swift; path = VideoDetail.swift; sourceTree = "<group>"; };
		ED364DE32136C43600460C5D /* AllStructs.swift */ = {isa = PBXFileReference; lastKnownFileType = sourcecode.swift; path = AllStructs.swift; sourceTree = "<group>"; };
		ED364DE721522E7D00460C5D /* Statistics.storyboard */ = {isa = PBXFileReference; lastKnownFileType = file.storyboard; path = Statistics.storyboard; sourceTree = "<group>"; };
		ED364DE92152310500460C5D /* Profile.storyboard */ = {isa = PBXFileReference; lastKnownFileType = file.storyboard; path = Profile.storyboard; sourceTree = "<group>"; };
		ED364DEB2152323100460C5D /* Home.storyboard */ = {isa = PBXFileReference; lastKnownFileType = file.storyboard; path = Home.storyboard; sourceTree = "<group>"; };
		ED3AE6B1216B408800A96013 /* MyChallengeTableViewCell.swift */ = {isa = PBXFileReference; lastKnownFileType = sourcecode.swift; path = MyChallengeTableViewCell.swift; sourceTree = "<group>"; };
		ED3AE6B3216B490200A96013 /* MyChallenge.swift */ = {isa = PBXFileReference; lastKnownFileType = sourcecode.swift; path = MyChallenge.swift; sourceTree = "<group>"; };
		ED3AE6B5216DB68800A96013 /* TaskViewController.swift */ = {isa = PBXFileReference; lastKnownFileType = sourcecode.swift; path = TaskViewController.swift; sourceTree = "<group>"; };
		ED5661222171F08300EFAF43 /* MyVideoViewController.swift */ = {isa = PBXFileReference; lastKnownFileType = sourcecode.swift; path = MyVideoViewController.swift; sourceTree = "<group>"; };
		ED5661252171F10A00EFAF43 /* MyVideo.swift */ = {isa = PBXFileReference; lastKnownFileType = sourcecode.swift; path = MyVideo.swift; sourceTree = "<group>"; };
		ED5661272171F12300EFAF43 /* MyVideoTableViewCell.swift */ = {isa = PBXFileReference; lastKnownFileType = sourcecode.swift; path = MyVideoTableViewCell.swift; sourceTree = "<group>"; };
		ED5661292171FF8F00EFAF43 /* GIDSignedInUser.swift */ = {isa = PBXFileReference; lastKnownFileType = sourcecode.swift; path = GIDSignedInUser.swift; sourceTree = "<group>"; };
		ED56612B2172070400EFAF43 /* PlaylistDetail.swift */ = {isa = PBXFileReference; lastKnownFileType = sourcecode.swift; path = PlaylistDetail.swift; sourceTree = "<group>"; };
		ED56612D2173536000EFAF43 /* SearchDetail.swift */ = {isa = PBXFileReference; lastKnownFileType = sourcecode.swift; path = SearchDetail.swift; sourceTree = "<group>"; };
		ED56612F2173B41200EFAF43 /* Analytics.swift */ = {isa = PBXFileReference; lastKnownFileType = sourcecode.swift; path = Analytics.swift; sourceTree = "<group>"; };
		ED81BF51216F410D003ABB42 /* MainBackup.storyboard */ = {isa = PBXFileReference; lastKnownFileType = file.storyboard; path = MainBackup.storyboard; sourceTree = "<group>"; };
		ED81BF56216F463D003ABB42 /* GIDSignInViewController.swift */ = {isa = PBXFileReference; lastKnownFileType = sourcecode.swift; path = GIDSignInViewController.swift; sourceTree = "<group>"; };
		ED90904B212E9BFA00E11589 /* StatisticsViewController.swift */ = {isa = PBXFileReference; lastKnownFileType = sourcecode.swift; path = StatisticsViewController.swift; sourceTree = "<group>"; };
		ED90904D212EA3FE00E11589 /* ChannelDetail.swift */ = {isa = PBXFileReference; fileEncoding = 4; lastKnownFileType = sourcecode.swift; path = ChannelDetail.swift; sourceTree = "<group>"; };
		ED909050212EA6E000E11589 /* StatisticsDataViewController.swift */ = {isa = PBXFileReference; lastKnownFileType = sourcecode.swift; path = StatisticsDataViewController.swift; sourceTree = "<group>"; };
		ED909057212FF66F00E11589 /* StatisticsDataTableViewCell.swift */ = {isa = PBXFileReference; lastKnownFileType = sourcecode.swift; path = StatisticsDataTableViewCell.swift; sourceTree = "<group>"; };
		ED909059212FFEE300E11589 /* StatisticsData.swift */ = {isa = PBXFileReference; lastKnownFileType = sourcecode.swift; path = StatisticsData.swift; sourceTree = "<group>"; };
		ED90906121351BF300E11589 /* TabBarViewController.swift */ = {isa = PBXFileReference; lastKnownFileType = sourcecode.swift; path = TabBarViewController.swift; sourceTree = "<group>"; };
		ED90906521352B7000E11589 /* LevelViewController.swift */ = {isa = PBXFileReference; lastKnownFileType = sourcecode.swift; path = LevelViewController.swift; sourceTree = "<group>"; };
		ED90906721353A0500E11589 /* LevelUpAlertViewController.swift */ = {isa = PBXFileReference; lastKnownFileType = sourcecode.swift; path = LevelUpAlertViewController.swift; sourceTree = "<group>"; };
/* End PBXFileReference section */

/* Begin PBXFrameworksBuildPhase section */
		77E523F72122D8C000EE54FD /* Frameworks */ = {
			isa = PBXFrameworksBuildPhase;
			buildActionMask = 2147483647;
			files = (
				760FD2F7775061EB8091E2DB /* Pods_Videa.framework in Frameworks */,
			);
			runOnlyForDeploymentPostprocessing = 0;
		};
/* End PBXFrameworksBuildPhase section */

/* Begin PBXGroup section */
		03C06C19A7640E14338BBA8F /* Pods */ = {
			isa = PBXGroup;
			children = (
				DFCE25A618B497E284265DC2 /* Pods-Videa.debug.xcconfig */,
				D5A344EF856C85A0C716FFB6 /* Pods-Videa.release.xcconfig */,
			);
			name = Pods;
			sourceTree = "<group>";
		};
		4CDECDEC693DAAAC851F7032 /* Frameworks */ = {
			isa = PBXGroup;
			children = (
				3BFEB76E52A41DF9AB347DFC /* Pods_Videa.framework */,
			);
			name = Frameworks;
			sourceTree = "<group>";
		};
		77E523F12122D8C000EE54FD = {
			isa = PBXGroup;
			children = (
				77E523FC2122D8C000EE54FD /* Videa */,
				77E523FB2122D8C000EE54FD /* Products */,
				03C06C19A7640E14338BBA8F /* Pods */,
				4CDECDEC693DAAAC851F7032 /* Frameworks */,
				B0E2B5D7213400C600B6860F /* Recovered References */,
			);
			sourceTree = "<group>";
		};
		77E523FB2122D8C000EE54FD /* Products */ = {
			isa = PBXGroup;
			children = (
				77E523FA2122D8C000EE54FD /* Videa.app */,
			);
			name = Products;
			sourceTree = "<group>";
		};
		77E523FC2122D8C000EE54FD /* Videa */ = {
			isa = PBXGroup;
			children = (
				ED364DF4215236BE00460C5D /* Utility */,
				ED364DF1215234E300460C5D /* Model */,
				ED364DE621522DD400460C5D /* View */,
				ED90905B2132FCF600E11589 /* Controller */,
				77E523FD2122D8C000EE54FD /* AppDelegate.swift */,
				77E524062122D8C100EE54FD /* Assets.xcassets */,
				77E5240B2122D8C100EE54FD /* Info.plist */,
			);
			path = Videa;
			sourceTree = "<group>";
		};
		B0E2B5D7213400C600B6860F /* Recovered References */ = {
			isa = PBXGroup;
			children = (
				7B34DB652133EC310007C2B1 /* LaunchScreenViewController.swift */,
				B0E2B60A21354E3B00B6860F /* tab bar red bawah.png */,
			);
			name = "Recovered References";
			sourceTree = "<group>";
		};
		ED1162432163535D00CEF6D5 /* Challenge */ = {
			isa = PBXGroup;
			children = (
				ED116244216353D700CEF6D5 /* ChallengeListTableViewCell.swift */,
				ED1162462163548100CEF6D5 /* ChallengeList.swift */,
				ED1162482163580300CEF6D5 /* Challenge.swift */,
				ED11624A21635C0A00CEF6D5 /* ChallengeCollectionViewCell.swift */,
			);
			path = Challenge;
			sourceTree = "<group>";
		};
		ED11624C2163615700CEF6D5 /* Challenge */ = {
			isa = PBXGroup;
			children = (
				ED116251216363E700CEF6D5 /* ChallengeViewController.swift */,
				ED1162532164B90500CEF6D5 /* DetailTableViewController.swift */,
			);
			path = Challenge;
			sourceTree = "<group>";
		};
		ED364DD82135A35D00460C5D /* Task */ = {
			isa = PBXGroup;
			children = (
				ED364DD92135A3A400460C5D /* Task.swift */,
				ED364DDB2135A45100460C5D /* TaskTableViewCell.swift */,
				ED364DDF21364F1100460C5D /* TodoTableViewCell.swift */,
				ED364DE32136C43600460C5D /* AllStructs.swift */,
			);
			path = Task;
			sourceTree = "<group>";
		};
		ED364DE621522DD400460C5D /* View */ = {
			isa = PBXGroup;
			children = (
				77E524082122D8C100EE54FD /* LaunchScreen.storyboard */,
				77E524032122D8C000EE54FD /* Main.storyboard */,
				ED364DEB2152323100460C5D /* Home.storyboard */,
				ED364DE92152310500460C5D /* Profile.storyboard */,
				ED364DE721522E7D00460C5D /* Statistics.storyboard */,
				ED11621D21622BC900CEF6D5 /* HomeBackup.storyboard */,
				ED81BF51216F410D003ABB42 /* MainBackup.storyboard */,
				6BCB77B12170B06200970DA0 /* QuickTips.storyboard */,
			);
			path = View;
			sourceTree = "<group>";
		};
		ED364DED2152341900460C5D /* Home */ = {
			isa = PBXGroup;
			children = (
				ED3AE6B5216DB68800A96013 /* TaskViewController.swift */,
				ED364DDD2136459100460C5D /* TodoViewController.swift */,
				6B9858A1212EA7B80081E017 /* HomeViewController.swift */,
				ED11624F2163629D00CEF6D5 /* HomeViewControllerBackup.strings */,
				ED5661222171F08300EFAF43 /* MyVideoViewController.swift */,
			);
			path = Home;
			sourceTree = "<group>";
		};
		ED364DEE2152342500460C5D /* Profile */ = {
			isa = PBXGroup;
			children = (
				6B2D62C7213003EA0032EC74 /* ProfileViewController.swift */,
				6B4713572133D0D000E86519 /* ProfileAccountViewController.swift */,
				7B99736421354A2800DE40A5 /* SettingPageTableViewController.swift */,
			);
			path = Profile;
			sourceTree = "<group>";
		};
		ED364DEF2152348800460C5D /* Main */ = {
			isa = PBXGroup;
			children = (
				6B09711C212BF4F800CD9878 /* LoginAccountViewController.swift */,
				6B663520212C000E001137AD /* ForLoginViewController.swift */,
				B0E2B5DC213408A800B6860F /* LaunchScreenViewController.swift */,
				6997F7402133DE7300FA32E1 /* OnboardingViewController.swift */,
				ED81BF56216F463D003ABB42 /* GIDSignInViewController.swift */,
			);
			path = Main;
			sourceTree = "<group>";
		};
		ED364DF0215234C500460C5D /* Leveling */ = {
			isa = PBXGroup;
			children = (
				ED90906721353A0500E11589 /* LevelUpAlertViewController.swift */,
				ED90906521352B7000E11589 /* LevelViewController.swift */,
			);
			path = Leveling;
			sourceTree = "<group>";
		};
		ED364DF1215234E300460C5D /* Model */ = {
			isa = PBXGroup;
			children = (
				ED5661242171F0E400EFAF43 /* MyVideo */,
				ED3AE6B0216B3FD800A96013 /* MyChallenges */,
				ED1162432163535D00CEF6D5 /* Challenge */,
				ED364DF3215235CD00460C5D /* Statistics */,
				ED364DF22152354B00460C5D /* User */,
				ED364DD82135A35D00460C5D /* Task */,
				ED90904F212EA40E00E11589 /* JSON */,
			);
			path = Model;
			sourceTree = "<group>";
		};
		ED364DF22152354B00460C5D /* User */ = {
			isa = PBXGroup;
			children = (
				6BE40B6B213696AE00F978A7 /* Gamification.swift */,
				6B2B888321352F97000C90D4 /* UntukProfile.swift */,
				6B2B8885213530FE000C90D4 /* ImageService.swift */,
				6B47135E2134D4FD00E86519 /* UserProfile.swift */,
				6B47135C2134D41D00E86519 /* UserService.swift */,
				B02235C82136972F00042526 /* achievementCell.swift */,
				ED5661292171FF8F00EFAF43 /* GIDSignedInUser.swift */,
			);
			path = User;
			sourceTree = "<group>";
		};
		ED364DF3215235CD00460C5D /* Statistics */ = {
			isa = PBXGroup;
			children = (
				ED909057212FF66F00E11589 /* StatisticsDataTableViewCell.swift */,
				ED909059212FFEE300E11589 /* StatisticsData.swift */,
			);
			path = Statistics;
			sourceTree = "<group>";
		};
		ED364DF4215236BE00460C5D /* Utility */ = {
			isa = PBXGroup;
			children = (
				ED364DF5215236E300460C5D /* Gifs */,
				6B689570212EBE4F0096CC8B /* GoogleService-Info.plist */,
				7B34DB672133ED360007C2B1 /* UIImage+Gif.swift */,
			);
			path = Utility;
			sourceTree = "<group>";
		};
		ED364DF5215236E300460C5D /* Gifs */ = {
			isa = PBXGroup;
			children = (
				7B154F4B2136538A00C12C8C /* animationVidea.gif */,
				7B154F492136513A00C12C8C /* videa splashscreen.gif */,
				7B99736A213568B800DE40A5 /* SplashScreen.gif */,
			);
			path = Gifs;
			sourceTree = "<group>";
		};
		ED3AE6B0216B3FD800A96013 /* MyChallenges */ = {
			isa = PBXGroup;
			children = (
				ED3AE6B1216B408800A96013 /* MyChallengeTableViewCell.swift */,
				ED3AE6B3216B490200A96013 /* MyChallenge.swift */,
			);
			path = MyChallenges;
			sourceTree = "<group>";
		};
		ED5661242171F0E400EFAF43 /* MyVideo */ = {
			isa = PBXGroup;
			children = (
				ED5661252171F10A00EFAF43 /* MyVideo.swift */,
				ED5661272171F12300EFAF43 /* MyVideoTableViewCell.swift */,
			);
			path = MyVideo;
			sourceTree = "<group>";
		};
		ED90904F212EA40E00E11589 /* JSON */ = {
			isa = PBXGroup;
			children = (
				ED364DE12136774F00460C5D /* VideoDetail.swift */,
				ED90904D212EA3FE00E11589 /* ChannelDetail.swift */,
				ED56612B2172070400EFAF43 /* PlaylistDetail.swift */,
				ED56612D2173536000EFAF43 /* SearchDetail.swift */,
				ED56612F2173B41200EFAF43 /* Analytics.swift */,
			);
			path = JSON;
			sourceTree = "<group>";
		};
		ED90905B2132FCF600E11589 /* Controller */ = {
			isa = PBXGroup;
			children = (
				ED11624C2163615700CEF6D5 /* Challenge */,
				6BE40B6921368D6000F978A7 /* TestSimpenDataViewController.swift */,
				ED364DF0215234C500460C5D /* Leveling */,
				ED90906021351BD200E11589 /* TabBar */,
				ED364DEF2152348800460C5D /* Main */,
				ED364DED2152341900460C5D /* Home */,
				ED364DEE2152342500460C5D /* Profile */,
				ED90905C2132FD2400E11589 /* Statistics */,
			);
			path = Controller;
			sourceTree = "<group>";
		};
		ED90905C2132FD2400E11589 /* Statistics */ = {
			isa = PBXGroup;
			children = (
				ED90904B212E9BFA00E11589 /* StatisticsViewController.swift */,
				ED909050212EA6E000E11589 /* StatisticsDataViewController.swift */,
			);
			path = Statistics;
			sourceTree = "<group>";
		};
		ED90906021351BD200E11589 /* TabBar */ = {
			isa = PBXGroup;
			children = (
				ED90906121351BF300E11589 /* TabBarViewController.swift */,
			);
			path = TabBar;
			sourceTree = "<group>";
		};
/* End PBXGroup section */

/* Begin PBXNativeTarget section */
		77E523F92122D8C000EE54FD /* Videa */ = {
			isa = PBXNativeTarget;
			buildConfigurationList = 77E5240E2122D8C100EE54FD /* Build configuration list for PBXNativeTarget "Videa" */;
			buildPhases = (
				78CD471292BA53073A5B9C6F /* [CP] Check Pods Manifest.lock */,
				77E523F62122D8C000EE54FD /* Sources */,
				77E523F72122D8C000EE54FD /* Frameworks */,
				77E523F82122D8C000EE54FD /* Resources */,
				3CCB12BB207FF74BC00E5A58 /* [CP] Embed Pods Frameworks */,
				F3C4DE81A69ED20FC012DCD8 /* [CP] Copy Pods Resources */,
			);
			buildRules = (
			);
			dependencies = (
			);
			name = Videa;
			productName = Videa;
			productReference = 77E523FA2122D8C000EE54FD /* Videa.app */;
			productType = "com.apple.product-type.application";
		};
/* End PBXNativeTarget section */

/* Begin PBXProject section */
		77E523F22122D8C000EE54FD /* Project object */ = {
			isa = PBXProject;
			attributes = {
				LastSwiftUpdateCheck = 0940;
				LastUpgradeCheck = 0940;
				ORGANIZATIONNAME = Steven;
				TargetAttributes = {
					77E523F92122D8C000EE54FD = {
						CreatedOnToolsVersion = 9.4.1;
					};
				};
			};
			buildConfigurationList = 77E523F52122D8C000EE54FD /* Build configuration list for PBXProject "Videa" */;
			compatibilityVersion = "Xcode 9.3";
			developmentRegion = en;
			hasScannedForEncodings = 0;
			knownRegions = (
				en,
				Base,
			);
			mainGroup = 77E523F12122D8C000EE54FD;
			productRefGroup = 77E523FB2122D8C000EE54FD /* Products */;
			projectDirPath = "";
			projectRoot = "";
			targets = (
				77E523F92122D8C000EE54FD /* Videa */,
			);
		};
/* End PBXProject section */

/* Begin PBXResourcesBuildPhase section */
		77E523F82122D8C000EE54FD /* Resources */ = {
			isa = PBXResourcesBuildPhase;
			buildActionMask = 2147483647;
			files = (
				77E5240A2122D8C100EE54FD /* LaunchScreen.storyboard in Resources */,
				77E524072122D8C100EE54FD /* Assets.xcassets in Resources */,
				ED364DE821522E7D00460C5D /* Statistics.storyboard in Resources */,
				7B99736B213568BB00DE40A5 /* SplashScreen.gif in Resources */,
				ED81BF52216F410D003ABB42 /* MainBackup.storyboard in Resources */,
				ED1162502163629D00CEF6D5 /* HomeViewControllerBackup.strings in Resources */,
				ED364DEA2152310500460C5D /* Profile.storyboard in Resources */,
				6B689571212EBE4F0096CC8B /* GoogleService-Info.plist in Resources */,
				ED364DEC2152323100460C5D /* Home.storyboard in Resources */,
				7B154F4C2136538B00C12C8C /* animationVidea.gif in Resources */,
				6BCB77B22170B06200970DA0 /* QuickTips.storyboard in Resources */,
				7B154F4A2136513A00C12C8C /* videa splashscreen.gif in Resources */,
				ED11621E21622BC900CEF6D5 /* HomeBackup.storyboard in Resources */,
				77E524052122D8C000EE54FD /* Main.storyboard in Resources */,
			);
			runOnlyForDeploymentPostprocessing = 0;
		};
/* End PBXResourcesBuildPhase section */

/* Begin PBXShellScriptBuildPhase section */
		3CCB12BB207FF74BC00E5A58 /* [CP] Embed Pods Frameworks */ = {
			isa = PBXShellScriptBuildPhase;
			buildActionMask = 2147483647;
			files = (
			);
			inputPaths = (
				"${SRCROOT}/Pods/Target Support Files/Pods-Videa/Pods-Videa-frameworks.sh",
				"${BUILT_PRODUCTS_DIR}/BoringSSL/openssl.framework",
				"${BUILT_PRODUCTS_DIR}/GTMOAuth2/GTMOAuth2.framework",
				"${BUILT_PRODUCTS_DIR}/GTMSessionFetcher/GTMSessionFetcher.framework",
				"${BUILT_PRODUCTS_DIR}/GoogleToolboxForMac/GoogleToolboxForMac.framework",
				"${BUILT_PRODUCTS_DIR}/Kingfisher/Kingfisher.framework",
				"${BUILT_PRODUCTS_DIR}/Protobuf/Protobuf.framework",
				"${BUILT_PRODUCTS_DIR}/gRPC/GRPCClient.framework",
				"${BUILT_PRODUCTS_DIR}/gRPC-Core/grpc.framework",
				"${BUILT_PRODUCTS_DIR}/gRPC-ProtoRPC/ProtoRPC.framework",
				"${BUILT_PRODUCTS_DIR}/gRPC-RxLibrary/RxLibrary.framework",
				"${BUILT_PRODUCTS_DIR}/leveldb-library/leveldb.framework",
				"${BUILT_PRODUCTS_DIR}/nanopb/nanopb.framework",
			);
			name = "[CP] Embed Pods Frameworks";
			outputPaths = (
				"${TARGET_BUILD_DIR}/${FRAMEWORKS_FOLDER_PATH}/openssl.framework",
				"${TARGET_BUILD_DIR}/${FRAMEWORKS_FOLDER_PATH}/GTMOAuth2.framework",
				"${TARGET_BUILD_DIR}/${FRAMEWORKS_FOLDER_PATH}/GTMSessionFetcher.framework",
				"${TARGET_BUILD_DIR}/${FRAMEWORKS_FOLDER_PATH}/GoogleToolboxForMac.framework",
				"${TARGET_BUILD_DIR}/${FRAMEWORKS_FOLDER_PATH}/Kingfisher.framework",
				"${TARGET_BUILD_DIR}/${FRAMEWORKS_FOLDER_PATH}/Protobuf.framework",
				"${TARGET_BUILD_DIR}/${FRAMEWORKS_FOLDER_PATH}/GRPCClient.framework",
				"${TARGET_BUILD_DIR}/${FRAMEWORKS_FOLDER_PATH}/grpc.framework",
				"${TARGET_BUILD_DIR}/${FRAMEWORKS_FOLDER_PATH}/ProtoRPC.framework",
				"${TARGET_BUILD_DIR}/${FRAMEWORKS_FOLDER_PATH}/RxLibrary.framework",
				"${TARGET_BUILD_DIR}/${FRAMEWORKS_FOLDER_PATH}/leveldb.framework",
				"${TARGET_BUILD_DIR}/${FRAMEWORKS_FOLDER_PATH}/nanopb.framework",
			);
			runOnlyForDeploymentPostprocessing = 0;
			shellPath = /bin/sh;
			shellScript = "\"${SRCROOT}/Pods/Target Support Files/Pods-Videa/Pods-Videa-frameworks.sh\"\n";
			showEnvVarsInLog = 0;
		};
		78CD471292BA53073A5B9C6F /* [CP] Check Pods Manifest.lock */ = {
			isa = PBXShellScriptBuildPhase;
			buildActionMask = 2147483647;
			files = (
			);
			inputPaths = (
				"${PODS_PODFILE_DIR_PATH}/Podfile.lock",
				"${PODS_ROOT}/Manifest.lock",
			);
			name = "[CP] Check Pods Manifest.lock";
			outputPaths = (
				"$(DERIVED_FILE_DIR)/Pods-Videa-checkManifestLockResult.txt",
			);
			runOnlyForDeploymentPostprocessing = 0;
			shellPath = /bin/sh;
			shellScript = "diff \"${PODS_PODFILE_DIR_PATH}/Podfile.lock\" \"${PODS_ROOT}/Manifest.lock\" > /dev/null\nif [ $? != 0 ] ; then\n    # print error to STDERR\n    echo \"error: The sandbox is not in sync with the Podfile.lock. Run 'pod install' or update your CocoaPods installation.\" >&2\n    exit 1\nfi\n# This output is used by Xcode 'outputs' to avoid re-running this script phase.\necho \"SUCCESS\" > \"${SCRIPT_OUTPUT_FILE_0}\"\n";
			showEnvVarsInLog = 0;
		};
		F3C4DE81A69ED20FC012DCD8 /* [CP] Copy Pods Resources */ = {
			isa = PBXShellScriptBuildPhase;
			buildActionMask = 2147483647;
			files = (
			);
			inputFileListPaths = (
			);
			inputPaths = (
				"${SRCROOT}/Pods/Target Support Files/Pods-Videa/Pods-Videa-resources.sh",
				"${PODS_ROOT}/GoogleSignIn/Resources/GoogleSignIn.bundle",
			);
			name = "[CP] Copy Pods Resources";
			outputFileListPaths = (
			);
			outputPaths = (
				"${TARGET_BUILD_DIR}/${UNLOCALIZED_RESOURCES_FOLDER_PATH}/GoogleSignIn.bundle",
			);
			runOnlyForDeploymentPostprocessing = 0;
			shellPath = /bin/sh;
			shellScript = "\"${SRCROOT}/Pods/Target Support Files/Pods-Videa/Pods-Videa-resources.sh\"\n";
			showEnvVarsInLog = 0;
		};
/* End PBXShellScriptBuildPhase section */

/* Begin PBXSourcesBuildPhase section */
		77E523F62122D8C000EE54FD /* Sources */ = {
			isa = PBXSourcesBuildPhase;
			buildActionMask = 2147483647;
			files = (
				ED3AE6B4216B490200A96013 /* MyChallenge.swift in Sources */,
				6B4713582133D0D000E86519 /* ProfileAccountViewController.swift in Sources */,
				ED5661302173B41200EFAF43 /* Analytics.swift in Sources */,
				ED56612A2171FF8F00EFAF43 /* GIDSignedInUser.swift in Sources */,
				ED1162492163580300CEF6D5 /* Challenge.swift in Sources */,
				ED5661262171F10A00EFAF43 /* MyVideo.swift in Sources */,
				ED364DE021364F1100460C5D /* TodoTableViewCell.swift in Sources */,
				ED90906621352B7000E11589 /* LevelViewController.swift in Sources */,
				ED364DDA2135A3A400460C5D /* Task.swift in Sources */,
				ED909055212EC0BE00E11589 /* ChannelDetail.swift in Sources */,
				ED116245216353D700CEF6D5 /* ChallengeListTableViewCell.swift in Sources */,
				7B34DB682133ED360007C2B1 /* UIImage+Gif.swift in Sources */,
				6B47135D2134D41D00E86519 /* UserService.swift in Sources */,
				ED3AE6B6216DB68800A96013 /* TaskViewController.swift in Sources */,
				ED364DE22136774F00460C5D /* VideoDetail.swift in Sources */,
				ED56612C2172070400EFAF43 /* PlaylistDetail.swift in Sources */,
				6B09711D212BF4F800CD9878 /* LoginAccountViewController.swift in Sources */,
				6B2D62C8213003EA0032EC74 /* ProfileViewController.swift in Sources */,
				ED90906221351BF300E11589 /* TabBarViewController.swift in Sources */,
				6997F7412133DE7300FA32E1 /* OnboardingViewController.swift in Sources */,
				6BE40B6A21368D6000F978A7 /* TestSimpenDataViewController.swift in Sources */,
				ED81BF57216F463D003ABB42 /* GIDSignInViewController.swift in Sources */,
				6B663521212C000E001137AD /* ForLoginViewController.swift in Sources */,
				ED909054212EC07700E11589 /* StatisticsViewController.swift in Sources */,
				B02235C92136972F00042526 /* achievementCell.swift in Sources */,
				6B2B8886213530FE000C90D4 /* ImageService.swift in Sources */,
				ED364DE42136C43600460C5D /* AllStructs.swift in Sources */,
				ED90905A212FFEE300E11589 /* StatisticsData.swift in Sources */,
				6B2B888421352F97000C90D4 /* UntukProfile.swift in Sources */,
				ED364DE52136E54E00460C5D /* SettingPageTableViewController.swift in Sources */,
				ED56612E2173536000EFAF43 /* SearchDetail.swift in Sources */,
				ED116252216363E700CEF6D5 /* ChallengeViewController.swift in Sources */,
				6B47135F2134D4FD00E86519 /* UserProfile.swift in Sources */,
				6B9858A4212EA7B80081E017 /* HomeViewController.swift in Sources */,
				6BE40B6C213696AE00F978A7 /* Gamification.swift in Sources */,
				B0E2B5DD213408A800B6860F /* LaunchScreenViewController.swift in Sources */,
				ED1162542164B90500CEF6D5 /* DetailTableViewController.swift in Sources */,
				ED11624B21635C0A00CEF6D5 /* ChallengeCollectionViewCell.swift in Sources */,
				ED90906821353A0500E11589 /* LevelUpAlertViewController.swift in Sources */,
				ED364DDC2135A45100460C5D /* TaskTableViewCell.swift in Sources */,
				ED1162472163548100CEF6D5 /* ChallengeList.swift in Sources */,
				ED364DDE2136459100460C5D /* TodoViewController.swift in Sources */,
				ED3AE6B2216B408800A96013 /* MyChallengeTableViewCell.swift in Sources */,
				77E523FE2122D8C000EE54FD /* AppDelegate.swift in Sources */,
				ED909058212FF66F00E11589 /* StatisticsDataTableViewCell.swift in Sources */,
				ED5661282171F12300EFAF43 /* MyVideoTableViewCell.swift in Sources */,
				ED5661232171F08300EFAF43 /* MyVideoViewController.swift in Sources */,
				ED909056212EC0D400E11589 /* StatisticsDataViewController.swift in Sources */,
			);
			runOnlyForDeploymentPostprocessing = 0;
		};
/* End PBXSourcesBuildPhase section */

/* Begin PBXVariantGroup section */
		77E524032122D8C000EE54FD /* Main.storyboard */ = {
			isa = PBXVariantGroup;
			children = (
				77E524042122D8C000EE54FD /* Base */,
			);
			name = Main.storyboard;
			sourceTree = "<group>";
		};
		77E524082122D8C100EE54FD /* LaunchScreen.storyboard */ = {
			isa = PBXVariantGroup;
			children = (
				77E524092122D8C100EE54FD /* Base */,
			);
			name = LaunchScreen.storyboard;
			sourceTree = "<group>";
		};
/* End PBXVariantGroup section */

/* Begin XCBuildConfiguration section */
		77E5240C2122D8C100EE54FD /* Debug */ = {
			isa = XCBuildConfiguration;
			buildSettings = {
				ALWAYS_SEARCH_USER_PATHS = NO;
				CLANG_ANALYZER_NONNULL = YES;
				CLANG_ANALYZER_NUMBER_OBJECT_CONVERSION = YES_AGGRESSIVE;
				CLANG_CXX_LANGUAGE_STANDARD = "gnu++14";
				CLANG_CXX_LIBRARY = "libc++";
				CLANG_ENABLE_MODULES = YES;
				CLANG_ENABLE_OBJC_ARC = YES;
				CLANG_ENABLE_OBJC_WEAK = YES;
				CLANG_WARN_BLOCK_CAPTURE_AUTORELEASING = YES;
				CLANG_WARN_BOOL_CONVERSION = YES;
				CLANG_WARN_COMMA = YES;
				CLANG_WARN_CONSTANT_CONVERSION = YES;
				CLANG_WARN_DEPRECATED_OBJC_IMPLEMENTATIONS = YES;
				CLANG_WARN_DIRECT_OBJC_ISA_USAGE = YES_ERROR;
				CLANG_WARN_DOCUMENTATION_COMMENTS = YES;
				CLANG_WARN_EMPTY_BODY = YES;
				CLANG_WARN_ENUM_CONVERSION = YES;
				CLANG_WARN_INFINITE_RECURSION = YES;
				CLANG_WARN_INT_CONVERSION = YES;
				CLANG_WARN_NON_LITERAL_NULL_CONVERSION = YES;
				CLANG_WARN_OBJC_IMPLICIT_RETAIN_SELF = YES;
				CLANG_WARN_OBJC_LITERAL_CONVERSION = YES;
				CLANG_WARN_OBJC_ROOT_CLASS = YES_ERROR;
				CLANG_WARN_RANGE_LOOP_ANALYSIS = YES;
				CLANG_WARN_STRICT_PROTOTYPES = YES;
				CLANG_WARN_SUSPICIOUS_MOVE = YES;
				CLANG_WARN_UNGUARDED_AVAILABILITY = YES_AGGRESSIVE;
				CLANG_WARN_UNREACHABLE_CODE = YES;
				CLANG_WARN__DUPLICATE_METHOD_MATCH = YES;
				CODE_SIGN_IDENTITY = "iPhone Developer";
				COPY_PHASE_STRIP = NO;
				DEBUG_INFORMATION_FORMAT = dwarf;
				ENABLE_STRICT_OBJC_MSGSEND = YES;
				ENABLE_TESTABILITY = YES;
				GCC_C_LANGUAGE_STANDARD = gnu11;
				GCC_DYNAMIC_NO_PIC = NO;
				GCC_NO_COMMON_BLOCKS = YES;
				GCC_OPTIMIZATION_LEVEL = 0;
				GCC_PREPROCESSOR_DEFINITIONS = (
					"DEBUG=1",
					"$(inherited)",
				);
				GCC_WARN_64_TO_32_BIT_CONVERSION = YES;
				GCC_WARN_ABOUT_RETURN_TYPE = YES_ERROR;
				GCC_WARN_UNDECLARED_SELECTOR = YES;
				GCC_WARN_UNINITIALIZED_AUTOS = YES_AGGRESSIVE;
				GCC_WARN_UNUSED_FUNCTION = YES;
				GCC_WARN_UNUSED_VARIABLE = YES;
				IPHONEOS_DEPLOYMENT_TARGET = 11.4;
				MTL_ENABLE_DEBUG_INFO = YES;
				ONLY_ACTIVE_ARCH = YES;
				SDKROOT = iphoneos;
				SWIFT_ACTIVE_COMPILATION_CONDITIONS = DEBUG;
				SWIFT_OPTIMIZATION_LEVEL = "-Onone";
			};
			name = Debug;
		};
		77E5240D2122D8C100EE54FD /* Release */ = {
			isa = XCBuildConfiguration;
			buildSettings = {
				ALWAYS_SEARCH_USER_PATHS = NO;
				CLANG_ANALYZER_NONNULL = YES;
				CLANG_ANALYZER_NUMBER_OBJECT_CONVERSION = YES_AGGRESSIVE;
				CLANG_CXX_LANGUAGE_STANDARD = "gnu++14";
				CLANG_CXX_LIBRARY = "libc++";
				CLANG_ENABLE_MODULES = YES;
				CLANG_ENABLE_OBJC_ARC = YES;
				CLANG_ENABLE_OBJC_WEAK = YES;
				CLANG_WARN_BLOCK_CAPTURE_AUTORELEASING = YES;
				CLANG_WARN_BOOL_CONVERSION = YES;
				CLANG_WARN_COMMA = YES;
				CLANG_WARN_CONSTANT_CONVERSION = YES;
				CLANG_WARN_DEPRECATED_OBJC_IMPLEMENTATIONS = YES;
				CLANG_WARN_DIRECT_OBJC_ISA_USAGE = YES_ERROR;
				CLANG_WARN_DOCUMENTATION_COMMENTS = YES;
				CLANG_WARN_EMPTY_BODY = YES;
				CLANG_WARN_ENUM_CONVERSION = YES;
				CLANG_WARN_INFINITE_RECURSION = YES;
				CLANG_WARN_INT_CONVERSION = YES;
				CLANG_WARN_NON_LITERAL_NULL_CONVERSION = YES;
				CLANG_WARN_OBJC_IMPLICIT_RETAIN_SELF = YES;
				CLANG_WARN_OBJC_LITERAL_CONVERSION = YES;
				CLANG_WARN_OBJC_ROOT_CLASS = YES_ERROR;
				CLANG_WARN_RANGE_LOOP_ANALYSIS = YES;
				CLANG_WARN_STRICT_PROTOTYPES = YES;
				CLANG_WARN_SUSPICIOUS_MOVE = YES;
				CLANG_WARN_UNGUARDED_AVAILABILITY = YES_AGGRESSIVE;
				CLANG_WARN_UNREACHABLE_CODE = YES;
				CLANG_WARN__DUPLICATE_METHOD_MATCH = YES;
				CODE_SIGN_IDENTITY = "iPhone Developer";
				COPY_PHASE_STRIP = NO;
				DEBUG_INFORMATION_FORMAT = "dwarf-with-dsym";
				ENABLE_NS_ASSERTIONS = NO;
				ENABLE_STRICT_OBJC_MSGSEND = YES;
				GCC_C_LANGUAGE_STANDARD = gnu11;
				GCC_NO_COMMON_BLOCKS = YES;
				GCC_WARN_64_TO_32_BIT_CONVERSION = YES;
				GCC_WARN_ABOUT_RETURN_TYPE = YES_ERROR;
				GCC_WARN_UNDECLARED_SELECTOR = YES;
				GCC_WARN_UNINITIALIZED_AUTOS = YES_AGGRESSIVE;
				GCC_WARN_UNUSED_FUNCTION = YES;
				GCC_WARN_UNUSED_VARIABLE = YES;
				IPHONEOS_DEPLOYMENT_TARGET = 11.4;
				MTL_ENABLE_DEBUG_INFO = NO;
				SDKROOT = iphoneos;
				SWIFT_COMPILATION_MODE = wholemodule;
				SWIFT_OPTIMIZATION_LEVEL = "-O";
				VALIDATE_PRODUCT = YES;
			};
			name = Release;
		};
		77E5240F2122D8C100EE54FD /* Debug */ = {
			isa = XCBuildConfiguration;
			baseConfigurationReference = DFCE25A618B497E284265DC2 /* Pods-Videa.debug.xcconfig */;
			buildSettings = {
				ASSETCATALOG_COMPILER_APPICON_NAME = AppIcon;
				CODE_SIGN_STYLE = Automatic;
				DEVELOPMENT_TEAM = 56ZF7DLJQY;
				INFOPLIST_FILE = Videa/Info.plist;
				IPHONEOS_DEPLOYMENT_TARGET = 11.4;
				LD_RUNPATH_SEARCH_PATHS = (
					"$(inherited)",
					"@executable_path/Frameworks",
				);
				PRODUCT_BUNDLE_IDENTIFIER = edu.binus.Videa;
				PRODUCT_NAME = "$(TARGET_NAME)";
				SWIFT_VERSION = 4.0;
				TARGETED_DEVICE_FAMILY = "1,2";
			};
			name = Debug;
		};
		77E524102122D8C100EE54FD /* Release */ = {
			isa = XCBuildConfiguration;
			baseConfigurationReference = D5A344EF856C85A0C716FFB6 /* Pods-Videa.release.xcconfig */;
			buildSettings = {
				ASSETCATALOG_COMPILER_APPICON_NAME = AppIcon;
				CODE_SIGN_STYLE = Automatic;
				DEVELOPMENT_TEAM = 56ZF7DLJQY;
				INFOPLIST_FILE = Videa/Info.plist;
				IPHONEOS_DEPLOYMENT_TARGET = 11.4;
				LD_RUNPATH_SEARCH_PATHS = (
					"$(inherited)",
					"@executable_path/Frameworks",
				);
				PRODUCT_BUNDLE_IDENTIFIER = edu.binus.Videa;
				PRODUCT_NAME = "$(TARGET_NAME)";
				SWIFT_VERSION = 4.0;
				TARGETED_DEVICE_FAMILY = "1,2";
			};
			name = Release;
		};
/* End XCBuildConfiguration section */

/* Begin XCConfigurationList section */
		77E523F52122D8C000EE54FD /* Build configuration list for PBXProject "Videa" */ = {
			isa = XCConfigurationList;
			buildConfigurations = (
				77E5240C2122D8C100EE54FD /* Debug */,
				77E5240D2122D8C100EE54FD /* Release */,
			);
			defaultConfigurationIsVisible = 0;
			defaultConfigurationName = Release;
		};
		77E5240E2122D8C100EE54FD /* Build configuration list for PBXNativeTarget "Videa" */ = {
			isa = XCConfigurationList;
			buildConfigurations = (
				77E5240F2122D8C100EE54FD /* Debug */,
				77E524102122D8C100EE54FD /* Release */,
			);
			defaultConfigurationIsVisible = 0;
			defaultConfigurationName = Release;
		};
/* End XCConfigurationList section */
	};
	rootObject = 77E523F22122D8C000EE54FD /* Project object */;
}
